{
  "name": "m365-relay-pdf-runtime",
  "version": "0.1.0",
  "lockfileVersion": 3,
  "requires": true,
  "packages": {
    "": {
      "name": "m365-relay-pdf-runtime",
      "version": "0.1.0",
      "dependencies": {
        "@llamaindex/liteparse": "2.14.4"
      }
    },
    "node_modules/@llamaindex/liteparse": {
      "version": "2.14.4",
      "resolved": "https://registry.npmjs.org/@llamaindex/liteparse/-/liteparse-2.14.4.tgz",
      "integrity": "sha512-W+JIFzR5B3eeop78XteWM708k1Hw7Mbh43EcAf0g3t1SlpKnZwysk2j2KciQSATCHhkfIMv70vy6AIzWGiQ5uA==",
      "license": "Apache-2.0",
      "dependencies": {
        "commander": "^12.0.0"
      },
      "bin": {
        "lit": "dist/cli.js",
        "liteparse": "dist/cli.js"
      },
      "engines": {
        "node": ">=18.0.0"
      },
      "optionalDependencies": {
        "@llamaindex/liteparse-darwin-arm64": "2.14.4",
        "@llamaindex/liteparse-darwin-x64": "2.14.4",
        "@llamaindex/liteparse-linux-arm64-gnu": "2.14.4",
        "@llamaindex/liteparse-linux-x64-gnu": "2.14.4",
        "@llamaindex/liteparse-linux-x64-musl": "2.14.4",
        "@llamaindex/liteparse-win32-arm64-msvc": "2.14.4",
        "@llamaindex/liteparse-win32-x64-msvc": "2.14.4"
      }
    },
    "node_modules/@llamaindex/liteparse-darwin-arm64": {
      "version": "2.14.4",
      "resolved": "https://registry.npmjs.org/@llamaindex/liteparse-darwin-arm64/-/liteparse-darwin-arm64-2.14.4.tgz",
      "integrity": "sha512-Vk/dL0HY4Pm/IHFjekQnyZgqNbfMv/ydWNoNJGGwagiIZ8Dm3uoMXete4Tuwx6tam/xRZIE5twq1QGPJddKATA==",
      "cpu": [
        "arm64"
      ],
      "license": "Apache-2.0",
      "optional": true,
      "os": [
        "darwin"
      ]
    },
    "node_modules/@llamaindex/liteparse-darwin-x64": {
      "version": "2.14.4",
      "resolved": "https://registry.npmjs.org/@llamaindex/liteparse-darwin-x64/-/liteparse-darwin-x64-2.14.4.tgz",
      "integrity": "sha512-krvvzWzPQU+6JfdMy51sX/D0e/PZKPo7EikXUEjaD+WK2ZyHao23p6bP/luzBvOUT41N1Lurw3UaVF8QmC/HeA==",
      "cpu": [
        "x64"
      ],
      "license": "Apache-2.0",
      "optional": true,
      "os": [
        "darwin"
      ]
    },
    "node_modules/@llamaindex/liteparse-linux-arm64-gnu": {
      "version": "2.14.4",
      "resolved": "https://registry.npmjs.org/@llamaindex/liteparse-linux-arm64-gnu/-/liteparse-linux-arm64-gnu-2.14.4.tgz",
      "integrity": "sha512-fNoe1vnRxSqP5GTOlLCttnFvp8e3VZL/1eov2Rv0oKulHrByph4vP9Uj9Bg5z7envjA22Tu/eQoXohZzf7KJSg==",
      "cpu": [
        "arm64"
      ],
      "libc": [
        "glibc"
      ],
      "license": "Apache-2.0",
      "optional": true,
      "os": [
        "linux"
      ]
    },
    "node_modules/@llamaindex/liteparse-linux-x64-gnu": {
      "version": "2.14.4",
      "resolved": "https://registry.npmjs.org/@llamaindex/liteparse-linux-x64-gnu/-/liteparse-linux-x64-gnu-2.14.4.tgz",
      "integrity": "sha512-Q3a4VgW8G7iH+KjD50fwJHwE3sZmv4LfgHs4MHFMw/bGfU/uKkJkxlysD+zQY1qvzr1Hqu3wEYJkgZ7P9N7fng==",
      "cpu": [
        "x64"
      ],
      "libc": [
        "glibc"
      ],
      "license": "Apache-2.0",
      "optional": true,
      "os": [
        "linux"
      ]
    },
    "node_modules/@llamaindex/liteparse-linux-x64-musl": {
      "version": "2.14.4",
      "resolved": "https://registry.npmjs.org/@llamaindex/liteparse-linux-x64-musl/-/liteparse-linux-x64-musl-2.14.4.tgz",
      "integrity": "sha512-ujtOVxyYDiKiScQyiITyYGMqO0z/FImjMaeqTj8IcdyEollBkrV3o66WfYjhgpaBk3j6p0hr6Pz091mzmj8Olg==",
      "cpu": [
        "x64"
      ],
      "libc": [
        "musl"
      ],
      "license": "Apache-2.0",
      "optional": true,
      "os": [
        "linux"
      ]
    },
    "node_modules/@llamaindex/liteparse-win32-arm64-msvc": {
      "version": "2.14.4",
      "resolved": "https://registry.npmjs.org/@llamaindex/liteparse-win32-arm64-msvc/-/liteparse-win32-arm64-msvc-2.14.4.tgz",
      "integrity": "sha512-ceFIm3gSTtGKCptLg21wwFeezq5ikAOb+GMpbD5XtCUFjYkCEcl5rwV/3O7UxA/qEmDD+/7CCYmkfJXe42Y3Ww==",
      "cpu": [
        "arm64"
      ],
      "license": "Apache-2.0",
      "optional": true,
      "os": [
        "win32"
      ]
    },
    "node_modules/@llamaindex/liteparse-win32-x64-msvc": {
      "version": "2.14.4",
      "resolved": "https://registry.npmjs.org/@llamaindex/liteparse-win32-x64-msvc/-/liteparse-win32-x64-msvc-2.14.4.tgz",
      "integrity": "sha512-FtsmT5qP0dJi41+8tioQfxLpbC1NclHV7qP6/Ds/23IzQEj2xnmGGdxdTGGYvIPto8unGtA/QsSdMKQHSW+wIg==",
      "cpu": [
        "x64"
      ],
      "license": "Apache-2.0",
      "optional": true,
      "os": [
        "win32"
      ]
    },
    "node_modules/commander": {
      "version": "12.1.0",
      "resolved": "https://registry.npmjs.org/commander/-/commander-12.1.0.tgz",
      "integrity": "sha512-Vw8qHK3bZM9y/P10u3Vib8o/DdkvA2OtPtZvD871QKjy74Wj1WSKFILMPRPSdUSx5RFK1arlJzEtA4PkFgnbuA==",
      "license": "MIT",
      "engines": {
        "node": ">=18"
      }
    }
  }
}
